
Microsoft Visual Studio Solution File, Format Version 12.00
# Visual Studio Version 17
VisualStudioVersion = 17.6.33829.357
MinimumVisualStudioVersion = 10.0.40219.1
Project("{FAE04EC0-301F-11D3-BF4B-00C04F79EFBC}") = "eLibrary", "eLibrary\eLibrary.csproj", "{063C3DFB-3149-432F-908D-784189354A01}"
EndProject
Global
	GlobalSection(SolutionConfigurationPlatforms) = preSolution
		Debug|Any CPU = Debug|Any CPU
		Release|Any CPU = Release|Any CPU
	EndGlobalSection
	GlobalSection(ProjectConfigurationPlatforms) = postSolution
		{063C3DFB-3149-432F-908D-784189354A01}.Debug|Any CPU.ActiveCfg = Debug|Any CPU
		{063C3DFB-3149-432F-908D-784189354A01}.Debug|Any CPU.Build.0 = Debug|Any CPU
		{063C3DFB-3149-432F-908D-784189354A01}.Release|Any CPU.ActiveCfg = Release|Any CPU
		{063C3DFB-3149-432F-908D-784189354A01}.Release|Any CPU.Build.0 = Release|Any CPU
	EndGlobalSection
	GlobalSection(SolutionProperties) = preSolution
		HideSolutionNode = FALSE
	EndGlobalSection
	GlobalSection(ExtensibilityGlobals) = postSolution
		SolutionGuid = {73F62AA0-2FBB-41C1-92A2-F78E06FBD5F5}
	EndGlobalSection
EndGlobal
